
Microsoft Visual Studio Solution File, Format Version 12.00
# Visual Studio Express 2012 for Web
Project("{FAE04EC0-301F-11D3-BF4B-00C04F79EFBC}") = "StopSagi", "StopSagi\StopSagi.csproj", "{6A427D7F-C2A1-492E-8FC6-18D241C2E9EA}"
EndProject
Project("{2150E333-8FDC-42A3-9474-1A3956D46DE8}") = ".nuget", ".nuget", "{996B5F9B-4D78-4DA4-9E42-39A83D419BD9}"
	ProjectSection(SolutionItems) = preProject
		.nuget\NuGet.Config = .nuget\NuGet.Config
		.nuget\NuGet.exe = .nuget\NuGet.exe
		.nuget\NuGet.targets = .nuget\NuGet.targets
	EndProjectSection
EndProject
Global
	GlobalSection(SolutionConfigurationPlatforms) = preSolution
		Debug|Any CPU = Debug|Any CPU
		Release|Any CPU = Release|Any CPU
	EndGlobalSection
	GlobalSection(ProjectConfigurationPlatforms) = postSolution
		{6A427D7F-C2A1-492E-8FC6-18D241C2E9EA}.Debug|Any CPU.ActiveCfg = Debug|Any CPU
		{6A427D7F-C2A1-492E-8FC6-18D241C2E9EA}.Debug|Any CPU.Build.0 = Debug|Any CPU
		{6A427D7F-C2A1-492E-8FC6-18D241C2E9EA}.Release|Any CPU.ActiveCfg = Release|Any CPU
		{6A427D7F-C2A1-492E-8FC6-18D241C2E9EA}.Release|Any CPU.Build.0 = Release|Any CPU
	EndGlobalSection
	GlobalSection(SolutionProperties) = preSolution
		HideSolutionNode = FALSE
	EndGlobalSection
EndGlobal
