
Microsoft Visual Studio Solution File, Format Version 12.00
# Visual Studio Express 2012 for Web
Project("{FAE04EC0-301F-11D3-BF4B-00C04F79EFBC}") = "StopSagi", "StopSagi\StopSagi.csproj", "{6A427D7F-C2A1-492E-8FC6-18D241C2E9EA}"
EndProject
Global
	GlobalSection(SolutionConfigurationPlatforms) = preSolution
		Debug|Any CPU = Debug|Any CPU
		Release|Any CPU = Release|Any CPU
	EndGlobalSection
	GlobalSection(ProjectConfigurationPlatforms) = postSolution
		{6A427D7F-C2A1-492E-8FC6-18D241C2E9EA}.Debug|Any CPU.ActiveCfg = Debug|Any CPU
		{6A427D7F-C2A1-492E-8FC6-18D241C2E9EA}.Debug|Any CPU.Build.0 = Debug|Any CPU
		{6A427D7F-C2A1-492E-8FC6-18D241C2E9EA}.Release|Any CPU.ActiveCfg = Release|Any CPU
		{6A427D7F-C2A1-492E-8FC6-18D241C2E9EA}.Release|Any CPU.Build.0 = Release|Any CPU
	EndGlobalSection
	GlobalSection(SolutionProperties) = preSolution
		HideSolutionNode = FALSE
	EndGlobalSection
EndGlobal
